Microsoft Visual Studio Solution File, Format Version 12.00
# Visual Studio Version 17
VisualStudioVersion = 17.12.35527.113
MinimumVisualStudioVersion = 10.0.40219.1
Project("{FAE04EC0-301F-11D3-BF4B-00C04F79EFBC}") = "UserManagement.API", "UserManagement.API\UserManagement.API.csproj", "{8FDAA4ED-D7B1-4423-AC7E-308FFE17135C}"
EndProject
Project("{FAE04EC0-301F-11D3-BF4B-00C04F79EFBC}") = "ProductManagement.API", "ProductManagement.API\ProductManagement.API.csproj", "{2B1DFA63-E98F-476E-AF55-C8BA93889DE2}"
EndProject
Project("{FAE04EC0-301F-11D3-BF4B-00C04F79EFBC}") = "UserManagement.Application", "UserManagement.Application\UserManagement.Application.csproj", "{B978A98C-0A1A-4684-8175-44C429A575E7}"
EndProject
Project("{FAE04EC0-301F-11D3-BF4B-00C04F79EFBC}") = "UserManagement.Domain", "UserManagement.Domain\UserManagement.Domain.csproj", "{1359598E-EA4E-4E7C-9BE6-DCF5D1ECCD46}"
EndProject
Project("{FAE04EC0-301F-11D3-BF4B-00C04F79EFBC}") = "UserManagement.Infrastructure", "UserManagement.Infrastructure\UserManagement.Infrastructure.csproj", "{F071A097-C594-4173-A838-DF2D1877B0A0}"
EndProject
Global
	GlobalSection(SolutionConfigurationPlatforms) = preSolution
		Debug|Any CPU = Debug|Any CPU
		Release|Any CPU = Release|Any CPU
	EndGlobalSection
	GlobalSection(ProjectConfigurationPlatforms) = postSolution
		{8FDAA4ED-D7B1-4423-AC7E-308FFE17135C}.Debug|Any CPU.ActiveCfg = Debug|Any CPU
		{8FDAA4ED-D7B1-4423-AC7E-308FFE17135C}.Debug|Any CPU.Build.0 = Debug|Any CPU
		{8FDAA4ED-D7B1-4423-AC7E-308FFE17135C}.Release|Any CPU.ActiveCfg = Release|Any CPU
		{8FDAA4ED-D7B1-4423-AC7E-308FFE17135C}.Release|Any CPU.Build.0 = Release|Any CPU
		{2B1DFA63-E98F-476E-AF55-C8BA93889DE2}.Debug|Any CPU.ActiveCfg = Debug|Any CPU
		{2B1DFA63-E98F-476E-AF55-C8BA93889DE2}.Debug|Any CPU.Build.0 = Debug|Any CPU
		{2B1DFA63-E98F-476E-AF55-C8BA93889DE2}.Release|Any CPU.ActiveCfg = Release|Any CPU
		{2B1DFA63-E98F-476E-AF55-C8BA93889DE2}.Release|Any CPU.Build.0 = Release|Any CPU
		{B978A98C-0A1A-4684-8175-44C429A575E7}.Debug|Any CPU.ActiveCfg = Debug|Any CPU
		{B978A98C-0A1A-4684-8175-44C429A575E7}.Debug|Any CPU.Build.0 = Debug|Any CPU
		{B978A98C-0A1A-4684-8175-44C429A575E7}.Release|Any CPU.ActiveCfg = Release|Any CPU
		{B978A98C-0A1A-4684-8175-44C429A575E7}.Release|Any CPU.Build.0 = Release|Any CPU
		{1359598E-EA4E-4E7C-9BE6-DCF5D1ECCD46}.Debug|Any CPU.ActiveCfg = Debug|Any CPU
		{1359598E-EA4E-4E7C-9BE6-DCF5D1ECCD46}.Debug|Any CPU.Build.0 = Debug|Any CPU
		{1359598E-EA4E-4E7C-9BE6-DCF5D1ECCD46}.Release|Any CPU.ActiveCfg = Release|Any CPU
		{1359598E-EA4E-4E7C-9BE6-DCF5D1ECCD46}.Release|Any CPU.Build.0 = Release|Any CPU
		{F071A097-C594-4173-A838-DF2D1877B0A0}.Debug|Any CPU.ActiveCfg = Debug|Any CPU
		{F071A097-C594-4173-A838-DF2D1877B0A0}.Debug|Any CPU.Build.0 = Debug|Any CPU
		{F071A097-C594-4173-A838-DF2D1877B0A0}.Release|Any CPU.ActiveCfg = Release|Any CPU
		{F071A097-C594-4173-A838-DF2D1877B0A0}.Release|Any CPU.Build.0 = Release|Any CPU
	EndGlobalSection
	GlobalSection(SolutionProperties) = preSolution
		HideSolutionNode = FALSE
	EndGlobalSection
EndGlobal
